
Microsoft Visual Studio Solution File, Format Version 12.00
# Visual Studio 15
VisualStudioVersion = 15.0.28010.2041
MinimumVisualStudioVersion = 10.0.40219.1
Project("{FAE04EC0-301F-11D3-BF4B-00C04F79EFBC}") = "AssoDriver", "AssoDriver\AssoDriver.csproj", "{D168F8F5-A24C-4EF8-9634-DE3FB173A0E5}"
EndProject
Global
	GlobalSection(SolutionConfigurationPlatforms) = preSolution
		Debug|Any CPU = Debug|Any CPU
		Release|Any CPU = Release|Any CPU
	EndGlobalSection
	GlobalSection(ProjectConfigurationPlatforms) = postSolution
		{D168F8F5-A24C-4EF8-9634-DE3FB173A0E5}.Debug|Any CPU.ActiveCfg = Debug|Any CPU
		{D168F8F5-A24C-4EF8-9634-DE3FB173A0E5}.Debug|Any CPU.Build.0 = Debug|Any CPU
		{D168F8F5-A24C-4EF8-9634-DE3FB173A0E5}.Release|Any CPU.ActiveCfg = Release|Any CPU
		{D168F8F5-A24C-4EF8-9634-DE3FB173A0E5}.Release|Any CPU.Build.0 = Release|Any CPU
	EndGlobalSection
	GlobalSection(SolutionProperties) = preSolution
		HideSolutionNode = FALSE
	EndGlobalSection
	GlobalSection(ExtensibilityGlobals) = postSolution
		SolutionGuid = {5F049B96-71FE-4C91-AAC5-08034A0C8259}
	EndGlobalSection
EndGlobal
