
Microsoft Visual Studio Solution File, Format Version 12.00
# Visual Studio 15
VisualStudioVersion = 15.0.28010.2041
MinimumVisualStudioVersion = 10.0.40219.1
Project("{FAE04EC0-301F-11D3-BF4B-00C04F79EFBC}") = "AssoDriver", "AssoDriver\AssoDriver.csproj", "{D168F8F5-A24C-4EF8-9634-DE3FB173A0E5}"
EndProject
Project("{FAE04EC0-301F-11D3-BF4B-00C04F79EFBC}") = "AssoDriverDAL", "AssoDriverDAL\AssoDriverDAL.csproj", "{4DCD6CC0-F850-4C3F-A5CC-C328A7FD5888}"
EndProject
Project("{FAE04EC0-301F-11D3-BF4B-00C04F79EFBC}") = "AssoDriverObjects", "AssoDriverObjects\AssoDriverObjects.csproj", "{638AD0B9-AF45-4159-9E39-91DBFC68AA7D}"
EndProject
Project("{FAE04EC0-301F-11D3-BF4B-00C04F79EFBC}") = "AssoDriverBLL", "AssoDriverBLL\AssoDriverBLL.csproj", "{02BA7AC9-4C3B-4097-AE0A-8A766CFAD3F3}"
EndProject
Global
	GlobalSection(SolutionConfigurationPlatforms) = preSolution
		Debug|Any CPU = Debug|Any CPU
		Release|Any CPU = Release|Any CPU
	EndGlobalSection
	GlobalSection(ProjectConfigurationPlatforms) = postSolution
		{D168F8F5-A24C-4EF8-9634-DE3FB173A0E5}.Debug|Any CPU.ActiveCfg = Debug|Any CPU
		{D168F8F5-A24C-4EF8-9634-DE3FB173A0E5}.Debug|Any CPU.Build.0 = Debug|Any CPU
		{D168F8F5-A24C-4EF8-9634-DE3FB173A0E5}.Release|Any CPU.ActiveCfg = Release|Any CPU
		{D168F8F5-A24C-4EF8-9634-DE3FB173A0E5}.Release|Any CPU.Build.0 = Release|Any CPU
		{4DCD6CC0-F850-4C3F-A5CC-C328A7FD5888}.Debug|Any CPU.ActiveCfg = Debug|Any CPU
		{4DCD6CC0-F850-4C3F-A5CC-C328A7FD5888}.Debug|Any CPU.Build.0 = Debug|Any CPU
		{4DCD6CC0-F850-4C3F-A5CC-C328A7FD5888}.Release|Any CPU.ActiveCfg = Release|Any CPU
		{4DCD6CC0-F850-4C3F-A5CC-C328A7FD5888}.Release|Any CPU.Build.0 = Release|Any CPU
		{638AD0B9-AF45-4159-9E39-91DBFC68AA7D}.Debug|Any CPU.ActiveCfg = Debug|Any CPU
		{638AD0B9-AF45-4159-9E39-91DBFC68AA7D}.Debug|Any CPU.Build.0 = Debug|Any CPU
		{638AD0B9-AF45-4159-9E39-91DBFC68AA7D}.Release|Any CPU.ActiveCfg = Release|Any CPU
		{638AD0B9-AF45-4159-9E39-91DBFC68AA7D}.Release|Any CPU.Build.0 = Release|Any CPU
		{02BA7AC9-4C3B-4097-AE0A-8A766CFAD3F3}.Debug|Any CPU.ActiveCfg = Debug|Any CPU
		{02BA7AC9-4C3B-4097-AE0A-8A766CFAD3F3}.Debug|Any CPU.Build.0 = Debug|Any CPU
		{02BA7AC9-4C3B-4097-AE0A-8A766CFAD3F3}.Release|Any CPU.ActiveCfg = Release|Any CPU
		{02BA7AC9-4C3B-4097-AE0A-8A766CFAD3F3}.Release|Any CPU.Build.0 = Release|Any CPU
	EndGlobalSection
	GlobalSection(SolutionProperties) = preSolution
		HideSolutionNode = FALSE
	EndGlobalSection
	GlobalSection(ExtensibilityGlobals) = postSolution
		SolutionGuid = {5F049B96-71FE-4C91-AAC5-08034A0C8259}
	EndGlobalSection
EndGlobal
